// !$*UTF8*$!
{
	archiveVersion = 1;
	classes = {
	};
	objectVersion = 46;
	objects = {

/* Begin PBXBuildFile section */
		1B29AC7114D327BA007CCE6E /* www in Resources */ = {isa = PBXBuildFile; fileRef = 1B29AC7014D327BA007CCE6E /* www */; };
		1B432BDB15069E6E005125D1 /* AppDelegate.m in Sources */ = {isa = PBXBuildFile; fileRef = 1B432BD715069E6E005125D1 /* AppDelegate.m */; };
		1B432BDC15069E6E005125D1 /* MainViewController.m in Sources */ = {isa = PBXBuildFile; fileRef = 1B432BD915069E6E005125D1 /* MainViewController.m */; };
		1B432BDD15069E6E005125D1 /* MainViewController.xib in Resources */ = {isa = PBXBuildFile; fileRef = 1B432BDA15069E6E005125D1 /* MainViewController.xib */; };
		1B5EED591506B0E800D0F166 /* Cordova.framework in Frameworks */ = {isa = PBXBuildFile; fileRef = 1B5EED581506B0E800D0F166 /* Cordova.framework */; };
		1B9677DC1506B1BC001DCD13 /* CDVDeprecated.m in Sources */ = {isa = PBXBuildFile; fileRef = 1B9677DB1506B1BC001DCD13 /* CDVDeprecated.m */; };
		1BE1CA1514D31A9000A1A6AF /* Foundation.framework in Frameworks */ = {isa = PBXBuildFile; fileRef = 1BE1CA1414D31A9000A1A6AF /* Foundation.framework */; };
		1BE1CA1714D31A9000A1A6AF /* UIKit.framework in Frameworks */ = {isa = PBXBuildFile; fileRef = 1BE1CA1614D31A9000A1A6AF /* UIKit.framework */; };
		1BE1CA1914D31A9100A1A6AF /* CoreGraphics.framework in Frameworks */ = {isa = PBXBuildFile; fileRef = 1BE1CA1814D31A9000A1A6AF /* CoreGraphics.framework */; };
		1BE1CA1B14D31A9100A1A6AF /* AddressBook.framework in Frameworks */ = {isa = PBXBuildFile; fileRef = 1BE1CA1A14D31A9100A1A6AF /* AddressBook.framework */; };
		1BE1CA1D14D31A9100A1A6AF /* AddressBookUI.framework in Frameworks */ = {isa = PBXBuildFile; fileRef = 1BE1CA1C14D31A9100A1A6AF /* AddressBookUI.framework */; };
		1BE1CA1F14D31A9100A1A6AF /* AudioToolbox.framework in Frameworks */ = {isa = PBXBuildFile; fileRef = 1BE1CA1E14D31A9100A1A6AF /* AudioToolbox.framework */; };
		1BE1CA2114D31A9100A1A6AF /* AVFoundation.framework in Frameworks */ = {isa = PBXBuildFile; fileRef = 1BE1CA2014D31A9100A1A6AF /* AVFoundation.framework */; };
		1BE1CA2314D31A9100A1A6AF /* CoreLocation.framework in Frameworks */ = {isa = PBXBuildFile; fileRef = 1BE1CA2214D31A9100A1A6AF /* CoreLocation.framework */; };
		1BE1CA2514D31A9100A1A6AF /* MediaPlayer.framework in Frameworks */ = {isa = PBXBuildFile; fileRef = 1BE1CA2414D31A9100A1A6AF /* MediaPlayer.framework */; };
		1BE1CA2714D31A9100A1A6AF /* QuartzCore.framework in Frameworks */ = {isa = PBXBuildFile; fileRef = 1BE1CA2614D31A9100A1A6AF /* QuartzCore.framework */; };
		1BE1CA2914D31A9100A1A6AF /* SystemConfiguration.framework in Frameworks */ = {isa = PBXBuildFile; fileRef = 1BE1CA2814D31A9100A1A6AF /* SystemConfiguration.framework */; };
		1BE1CA2B14D31A9100A1A6AF /* MobileCoreServices.framework in Frameworks */ = {isa = PBXBuildFile; fileRef = 1BE1CA2A14D31A9100A1A6AF /* MobileCoreServices.framework */; };
		1BE1CA2D14D31A9100A1A6AF /* CoreMedia.framework in Frameworks */ = {isa = PBXBuildFile; fileRef = 1BE1CA2C14D31A9100A1A6AF /* CoreMedia.framework */; };
		1BE1CA3314D31A9100A1A6AF /* InfoPlist.strings in Resources */ = {isa = PBXBuildFile; fileRef = 1BE1CA3114D31A9100A1A6AF /* InfoPlist.strings */; };
		1BE1CA3514D31A9100A1A6AF /* main.m in Sources */ = {isa = PBXBuildFile; fileRef = 1BE1CA3414D31A9100A1A6AF /* main.m */; };
		1BE1CA3D14D31A9100A1A6AF /* Localizable.strings in Resources */ = {isa = PBXBuildFile; fileRef = 1BE1CA3B14D31A9100A1A6AF /* Localizable.strings */; };
		1BE1CA4414D31A9100A1A6AF /* icon.png in Resources */ = {isa = PBXBuildFile; fileRef = 1BE1CA4314D31A9100A1A6AF /* icon.png */; };
		1BE1CA4614D31A9100A1A6AF /* icon@2x.png in Resources */ = {isa = PBXBuildFile; fileRef = 1BE1CA4514D31A9100A1A6AF /* icon@2x.png */; };
		1BE1CA4814D31A9100A1A6AF /* icon-72.png in Resources */ = {isa = PBXBuildFile; fileRef = 1BE1CA4714D31A9100A1A6AF /* icon-72.png */; };
		1BE1CA4B14D31A9100A1A6AF /* Default.png in Resources */ = {isa = PBXBuildFile; fileRef = 1BE1CA4A14D31A9100A1A6AF /* Default.png */; };
		1BE1CA4D14D31A9100A1A6AF /* Default@2x.png in Resources */ = {isa = PBXBuildFile; fileRef = 1BE1CA4C14D31A9100A1A6AF /* Default@2x.png */; };
		1BE1CA4F14D31A9100A1A6AF /* Capture.bundle in Resources */ = {isa = PBXBuildFile; fileRef = 1BE1CA4E14D31A9100A1A6AF /* Capture.bundle */; };
		1BE1CA5114D31A9100A1A6AF /* Cordova.plist in Resources */ = {isa = PBXBuildFile; fileRef = 1BE1CA5014D31A9100A1A6AF /* Cordova.plist */; };
/* End PBXBuildFile section */

/* Begin PBXFileReference section */
		1B29AC7014D327BA007CCE6E /* www */ = {isa = PBXFileReference; lastKnownFileType = folder; path = www; sourceTree = "<group>"; };
		1B432BD615069E6E005125D1 /* AppDelegate.h */ = {isa = PBXFileReference; fileEncoding = 4; lastKnownFileType = sourcecode.c.h; name = AppDelegate.h; path = Classes/AppDelegate.h; sourceTree = "<group>"; };
		1B432BD715069E6E005125D1 /* AppDelegate.m */ = {isa = PBXFileReference; fileEncoding = 4; lastKnownFileType = sourcecode.c.objc; name = AppDelegate.m; path = Classes/AppDelegate.m; sourceTree = "<group>"; };
		1B432BD815069E6E005125D1 /* MainViewController.h */ = {isa = PBXFileReference; fileEncoding = 4; lastKnownFileType = sourcecode.c.h; name = MainViewController.h; path = Classes/MainViewController.h; sourceTree = "<group>"; };
		1B432BD915069E6E005125D1 /* MainViewController.m */ = {isa = PBXFileReference; fileEncoding = 4; lastKnownFileType = sourcecode.c.objc; name = MainViewController.m; path = Classes/MainViewController.m; sourceTree = "<group>"; };
		1B432BDA15069E6E005125D1 /* MainViewController.xib */ = {isa = PBXFileReference; fileEncoding = 4; lastKnownFileType = file.xib; name = MainViewController.xib; path = Classes/MainViewController.xib; sourceTree = "<group>"; };
		1B5EED581506B0E800D0F166 /* Cordova.framework */ = {isa = PBXFileReference; lastKnownFileType = wrapper.framework; name = Cordova.framework; path = "/Users/tnsuarez/Documents/PSU-Mobile-Native/PSU-Mobile-PhoneGap-iOS/Cordova.framework"; sourceTree = "<absolute>"; };
		1B9677DA1506B1BC001DCD13 /* CDVDeprecated.h */ = {isa = PBXFileReference; fileEncoding = 4; lastKnownFileType = sourcecode.c.h; path = CDVDeprecated.h; sourceTree = "<group>"; };
		1B9677DB1506B1BC001DCD13 /* CDVDeprecated.m */ = {isa = PBXFileReference; fileEncoding = 4; lastKnownFileType = sourcecode.c.objc; path = CDVDeprecated.m; sourceTree = "<group>"; };
		1BE1CA1014D31A9000A1A6AF /* PSU Mobile.app */ = {isa = PBXFileReference; explicitFileType = wrapper.application; includeInIndex = 0; path = "PSU Mobile.app"; sourceTree = BUILT_PRODUCTS_DIR; };
		1BE1CA1414D31A9000A1A6AF /* Foundation.framework */ = {isa = PBXFileReference; lastKnownFileType = wrapper.framework; name = Foundation.framework; path = System/Library/Frameworks/Foundation.framework; sourceTree = SDKROOT; };
		1BE1CA1614D31A9000A1A6AF /* UIKit.framework */ = {isa = PBXFileReference; lastKnownFileType = wrapper.framework; name = UIKit.framework; path = System/Library/Frameworks/UIKit.framework; sourceTree = SDKROOT; };
		1BE1CA1814D31A9000A1A6AF /* CoreGraphics.framework */ = {isa = PBXFileReference; lastKnownFileType = wrapper.framework; name = CoreGraphics.framework; path = System/Library/Frameworks/CoreGraphics.framework; sourceTree = SDKROOT; };
		1BE1CA1A14D31A9100A1A6AF /* AddressBook.framework */ = {isa = PBXFileReference; lastKnownFileType = wrapper.framework; name = AddressBook.framework; path = System/Library/Frameworks/AddressBook.framework; sourceTree = SDKROOT; };
		1BE1CA1C14D31A9100A1A6AF /* AddressBookUI.framework */ = {isa = PBXFileReference; lastKnownFileType = wrapper.framework; name = AddressBookUI.framework; path = System/Library/Frameworks/AddressBookUI.framework; sourceTree = SDKROOT; };
		1BE1CA1E14D31A9100A1A6AF /* AudioToolbox.framework */ = {isa = PBXFileReference; lastKnownFileType = wrapper.framework; name = AudioToolbox.framework; path = System/Library/Frameworks/AudioToolbox.framework; sourceTree = SDKROOT; };
		1BE1CA2014D31A9100A1A6AF /* AVFoundation.framework */ = {isa = PBXFileReference; lastKnownFileType = wrapper.framework; name = AVFoundation.framework; path = System/Library/Frameworks/AVFoundation.framework; sourceTree = SDKROOT; };
		1BE1CA2214D31A9100A1A6AF /* CoreLocation.framework */ = {isa = PBXFileReference; lastKnownFileType = wrapper.framework; name = CoreLocation.framework; path = System/Library/Frameworks/CoreLocation.framework; sourceTree = SDKROOT; };
		1BE1CA2414D31A9100A1A6AF /* MediaPlayer.framework */ = {isa = PBXFileReference; lastKnownFileType = wrapper.framework; name = MediaPlayer.framework; path = System/Library/Frameworks/MediaPlayer.framework; sourceTree = SDKROOT; };
		1BE1CA2614D31A9100A1A6AF /* QuartzCore.framework */ = {isa = PBXFileReference; lastKnownFileType = wrapper.framework; name = QuartzCore.framework; path = System/Library/Frameworks/QuartzCore.framework; sourceTree = SDKROOT; };
		1BE1CA2814D31A9100A1A6AF /* SystemConfiguration.framework */ = {isa = PBXFileReference; lastKnownFileType = wrapper.framework; name = SystemConfiguration.framework; path = System/Library/Frameworks/SystemConfiguration.framework; sourceTree = SDKROOT; };
		1BE1CA2A14D31A9100A1A6AF /* MobileCoreServices.framework */ = {isa = PBXFileReference; lastKnownFileType = wrapper.framework; name = MobileCoreServices.framework; path = System/Library/Frameworks/MobileCoreServices.framework; sourceTree = SDKROOT; };
		1BE1CA2C14D31A9100A1A6AF /* CoreMedia.framework */ = {isa = PBXFileReference; lastKnownFileType = wrapper.framework; name = CoreMedia.framework; path = System/Library/Frameworks/CoreMedia.framework; sourceTree = SDKROOT; };
		1BE1CA3014D31A9100A1A6AF /* PSU Mobile - PhoneGap - iOS-Info.plist */ = {isa = PBXFileReference; lastKnownFileType = text.plist.xml; path = "PSU Mobile - PhoneGap - iOS-Info.plist"; sourceTree = "<group>"; };
		1BE1CA3214D31A9100A1A6AF /* en */ = {isa = PBXFileReference; lastKnownFileType = text.plist.strings; name = en; path = en.lproj/InfoPlist.strings; sourceTree = "<group>"; };
		1BE1CA3414D31A9100A1A6AF /* main.m */ = {isa = PBXFileReference; lastKnownFileType = sourcecode.c.objc; path = main.m; sourceTree = "<group>"; };
		1BE1CA3614D31A9100A1A6AF /* PSU Mobile - PhoneGap - iOS-Prefix.pch */ = {isa = PBXFileReference; lastKnownFileType = sourcecode.c.h; path = "PSU Mobile - PhoneGap - iOS-Prefix.pch"; sourceTree = "<group>"; };
		1BE1CA3C14D31A9100A1A6AF /* en */ = {isa = PBXFileReference; lastKnownFileType = text.plist.strings; name = en; path = Resources/en.lproj/Localizable.strings; sourceTree = "<group>"; };
		1BE1CA4314D31A9100A1A6AF /* icon.png */ = {isa = PBXFileReference; lastKnownFileType = image.png; name = icon.png; path = Resources/icons/icon.png; sourceTree = "<group>"; };
		1BE1CA4514D31A9100A1A6AF /* icon@2x.png */ = {isa = PBXFileReference; lastKnownFileType = image.png; name = "icon@2x.png"; path = "Resources/icons/icon@2x.png"; sourceTree = "<group>"; };
		1BE1CA4714D31A9100A1A6AF /* icon-72.png */ = {isa = PBXFileReference; lastKnownFileType = image.png; name = "icon-72.png"; path = "Resources/icons/icon-72.png"; sourceTree = "<group>"; };
		1BE1CA4A14D31A9100A1A6AF /* Default.png */ = {isa = PBXFileReference; lastKnownFileType = image.png; name = Default.png; path = Resources/splash/Default.png; sourceTree = "<group>"; };
		1BE1CA4C14D31A9100A1A6AF /* Default@2x.png */ = {isa = PBXFileReference; lastKnownFileType = image.png; name = "Default@2x.png"; path = "Resources/splash/Default@2x.png"; sourceTree = "<group>"; };
		1BE1CA4E14D31A9100A1A6AF /* Capture.bundle */ = {isa = PBXFileReference; lastKnownFileType = "wrapper.plug-in"; name = Capture.bundle; path = Resources/Capture.bundle; sourceTree = "<group>"; };
		1BE1CA5014D31A9100A1A6AF /* Cordova.plist */ = {isa = PBXFileReference; lastKnownFileType = text.plist.xml; path = Cordova.plist; sourceTree = "<group>"; };
		1BE1CA5714D31A9100A1A6AF /* README */ = {isa = PBXFileReference; lastKnownFileType = text; name = README; path = Plugins/README; sourceTree = "<group>"; };
/* End PBXFileReference section */

/* Begin PBXFrameworksBuildPhase section */
		1BE1CA0A14D31A9000A1A6AF /* Frameworks */ = {
			isa = PBXFrameworksBuildPhase;
			buildActionMask = 2147483647;
			files = (
				1BE1CA1514D31A9000A1A6AF /* Foundation.framework in Frameworks */,
				1BE1CA1714D31A9000A1A6AF /* UIKit.framework in Frameworks */,
				1BE1CA1914D31A9100A1A6AF /* CoreGraphics.framework in Frameworks */,
				1BE1CA1B14D31A9100A1A6AF /* AddressBook.framework in Frameworks */,
				1BE1CA1D14D31A9100A1A6AF /* AddressBookUI.framework in Frameworks */,
				1BE1CA1F14D31A9100A1A6AF /* AudioToolbox.framework in Frameworks */,
				1BE1CA2114D31A9100A1A6AF /* AVFoundation.framework in Frameworks */,
				1BE1CA2314D31A9100A1A6AF /* CoreLocation.framework in Frameworks */,
				1BE1CA2514D31A9100A1A6AF /* MediaPlayer.framework in Frameworks */,
				1BE1CA2714D31A9100A1A6AF /* QuartzCore.framework in Frameworks */,
				1BE1CA2914D31A9100A1A6AF /* SystemConfiguration.framework in Frameworks */,
				1BE1CA2B14D31A9100A1A6AF /* MobileCoreServices.framework in Frameworks */,
				1BE1CA2D14D31A9100A1A6AF /* CoreMedia.framework in Frameworks */,
				1B5EED591506B0E800D0F166 /* Cordova.framework in Frameworks */,
			);
			runOnlyForDeploymentPostprocessing = 0;
		};
		1BE1CA0D14D31A9000A1A6AF /* Frameworks */ = {
			isa = PBXFrameworksBuildPhase;
			buildActionMask = 2147483647;
			files = (
			);
			runOnlyForDeploymentPostprocessing = 0;
		};
/* End PBXFrameworksBuildPhase section */

/* Begin PBXGroup section */
		1B9677D91506B1BC001DCD13 /* deprecated */ = {
			isa = PBXGroup;
			children = (
				1B9677DA1506B1BC001DCD13 /* CDVDeprecated.h */,
				1B9677DB1506B1BC001DCD13 /* CDVDeprecated.m */,
			);
			path = deprecated;
			sourceTree = "<group>";
		};
		1BE1CA0214D31A9000A1A6AF = {
			isa = PBXGroup;
			children = (
				1B9677D91506B1BC001DCD13 /* deprecated */,
				1B5EED581506B0E800D0F166 /* Cordova.framework */,
				1B29AC7014D327BA007CCE6E /* www */,
				1BE1CA2E14D31A9100A1A6AF /* PSU Mobile - PhoneGap - iOS */,
				1BE1CA1314D31A9000A1A6AF /* Frameworks */,
				1BE1CA1114D31A9000A1A6AF /* Products */,
			);
			indentWidth = 5;
			sourceTree = "<group>";
			tabWidth = 5;
			usesTabs = 1;
		};
		1BE1CA1114D31A9000A1A6AF /* Products */ = {
			isa = PBXGroup;
			children = (
				1BE1CA1014D31A9000A1A6AF /* PSU Mobile.app */,
			);
			name = Products;
			sourceTree = "<group>";
		};
		1BE1CA1314D31A9000A1A6AF /* Frameworks */ = {
			isa = PBXGroup;
			children = (
				1BE1CA1414D31A9000A1A6AF /* Foundation.framework */,
				1BE1CA1614D31A9000A1A6AF /* UIKit.framework */,
				1BE1CA1814D31A9000A1A6AF /* CoreGraphics.framework */,
				1BE1CA1A14D31A9100A1A6AF /* AddressBook.framework */,
				1BE1CA1C14D31A9100A1A6AF /* AddressBookUI.framework */,
				1BE1CA1E14D31A9100A1A6AF /* AudioToolbox.framework */,
				1BE1CA2014D31A9100A1A6AF /* AVFoundation.framework */,
				1BE1CA2214D31A9100A1A6AF /* CoreLocation.framework */,
				1BE1CA2414D31A9100A1A6AF /* MediaPlayer.framework */,
				1BE1CA2614D31A9100A1A6AF /* QuartzCore.framework */,
				1BE1CA2814D31A9100A1A6AF /* SystemConfiguration.framework */,
				1BE1CA2A14D31A9100A1A6AF /* MobileCoreServices.framework */,
				1BE1CA2C14D31A9100A1A6AF /* CoreMedia.framework */,
			);
			name = Frameworks;
			sourceTree = "<group>";
		};
		1BE1CA2E14D31A9100A1A6AF /* PSU Mobile - PhoneGap - iOS */ = {
			isa = PBXGroup;
			children = (
				1BE1CA3914D31A9100A1A6AF /* Resources */,
				1BE1CA5214D31A9100A1A6AF /* Classes */,
				1BE1CA5614D31A9100A1A6AF /* Plugins */,
				1BE1CA2F14D31A9100A1A6AF /* Supporting Files */,
			);
			path = "PSU Mobile - PhoneGap - iOS";
			sourceTree = "<group>";
		};
		1BE1CA2F14D31A9100A1A6AF /* Supporting Files */ = {
			isa = PBXGroup;
			children = (
				1B432BDA15069E6E005125D1 /* MainViewController.xib */,
				1BE1CA3014D31A9100A1A6AF /* PSU Mobile - PhoneGap - iOS-Info.plist */,
				1BE1CA3114D31A9100A1A6AF /* InfoPlist.strings */,
				1BE1CA3414D31A9100A1A6AF /* main.m */,
				1BE1CA3614D31A9100A1A6AF /* PSU Mobile - PhoneGap - iOS-Prefix.pch */,
				1BE1CA5014D31A9100A1A6AF /* Cordova.plist */,
			);
			name = "Supporting Files";
			sourceTree = "<group>";
		};
		1BE1CA3914D31A9100A1A6AF /* Resources */ = {
			isa = PBXGroup;
			children = (
				1BE1CA4E14D31A9100A1A6AF /* Capture.bundle */,
				1BE1CA3A14D31A9100A1A6AF /* en.lproj */,
				1BE1CA4214D31A9100A1A6AF /* icons */,
				1BE1CA4914D31A9100A1A6AF /* splash */,
			);
			name = Resources;
			sourceTree = "<group>";
		};
		1BE1CA3A14D31A9100A1A6AF /* en.lproj */ = {
			isa = PBXGroup;
			children = (
				1BE1CA3B14D31A9100A1A6AF /* Localizable.strings */,
			);
			name = en.lproj;
			sourceTree = "<group>";
		};
		1BE1CA4214D31A9100A1A6AF /* icons */ = {
			isa = PBXGroup;
			children = (
				1BE1CA4314D31A9100A1A6AF /* icon.png */,
				1BE1CA4514D31A9100A1A6AF /* icon@2x.png */,
				1BE1CA4714D31A9100A1A6AF /* icon-72.png */,
			);
			name = icons;
			sourceTree = "<group>";
		};
		1BE1CA4914D31A9100A1A6AF /* splash */ = {
			isa = PBXGroup;
			children = (
				1BE1CA4A14D31A9100A1A6AF /* Default.png */,
				1BE1CA4C14D31A9100A1A6AF /* Default@2x.png */,
			);
			name = splash;
			sourceTree = "<group>";
		};
		1BE1CA5214D31A9100A1A6AF /* Classes */ = {
			isa = PBXGroup;
			children = (
				1B432BD615069E6E005125D1 /* AppDelegate.h */,
				1B432BD715069E6E005125D1 /* AppDelegate.m */,
				1B432BD815069E6E005125D1 /* MainViewController.h */,
				1B432BD915069E6E005125D1 /* MainViewController.m */,
			);
			name = Classes;
			sourceTree = "<group>";
		};
		1BE1CA5614D31A9100A1A6AF /* Plugins */ = {
			isa = PBXGroup;
			children = (
				1BE1CA5714D31A9100A1A6AF /* README */,
			);
			name = Plugins;
			sourceTree = "<group>";
		};
/* End PBXGroup section */

/* Begin PBXNativeTarget section */
		1BE1CA0F14D31A9000A1A6AF /* PSU Mobile - PhoneGap - iOS */ = {
			isa = PBXNativeTarget;
			buildConfigurationList = 1BE1CA5A14D31A9100A1A6AF /* Build configuration list for PBXNativeTarget "PSU Mobile - PhoneGap - iOS" */;
			buildPhases = (
				1BE1CA0914D31A9000A1A6AF /* Sources */,
				1BE1CA0A14D31A9000A1A6AF /* Frameworks */,
				1BE1CA0B14D31A9000A1A6AF /* Resources */,
				1BE1CA0C14D31A9000A1A6AF /* Sources */,
				1BE1CA0D14D31A9000A1A6AF /* Frameworks */,
				1BE1CA0E14D31A9000A1A6AF /* ShellScript */,
			);
			buildRules = (
			);
			dependencies = (
			);
			name = "PSU Mobile - PhoneGap - iOS";
			productName = "PSU Mobile - PhoneGap - iOS";
			productReference = 1BE1CA1014D31A9000A1A6AF /* PSU Mobile.app */;
			productType = "com.apple.product-type.application";
		};
/* End PBXNativeTarget section */

/* Begin PBXProject section */
		1BE1CA0414D31A9000A1A6AF /* Project object */ = {
			isa = PBXProject;
			attributes = {
				LastUpgradeCheck = 0430;
			};
			buildConfigurationList = 1BE1CA0714D31A9000A1A6AF /* Build configuration list for PBXProject "PSU Mobile - PhoneGap - iOS" */;
			compatibilityVersion = "Xcode 3.2";
			developmentRegion = English;
			hasScannedForEncodings = 0;
			knownRegions = (
				en,
				es,
			);
			mainGroup = 1BE1CA0214D31A9000A1A6AF;
			productRefGroup = 1BE1CA1114D31A9000A1A6AF /* Products */;
			projectDirPath = "";
			projectRoot = "";
			targets = (
				1BE1CA0F14D31A9000A1A6AF /* PSU Mobile - PhoneGap - iOS */,
			);
		};
/* End PBXProject section */

/* Begin PBXResourcesBuildPhase section */
		1BE1CA0B14D31A9000A1A6AF /* Resources */ = {
			isa = PBXResourcesBuildPhase;
			buildActionMask = 2147483647;
			files = (
				1BE1CA3314D31A9100A1A6AF /* InfoPlist.strings in Resources */,
				1BE1CA3D14D31A9100A1A6AF /* Localizable.strings in Resources */,
				1BE1CA4414D31A9100A1A6AF /* icon.png in Resources */,
				1BE1CA4614D31A9100A1A6AF /* icon@2x.png in Resources */,
				1BE1CA4814D31A9100A1A6AF /* icon-72.png in Resources */,
				1BE1CA4B14D31A9100A1A6AF /* Default.png in Resources */,
				1BE1CA4D14D31A9100A1A6AF /* Default@2x.png in Resources */,
				1BE1CA4F14D31A9100A1A6AF /* Capture.bundle in Resources */,
				1BE1CA5114D31A9100A1A6AF /* Cordova.plist in Resources */,
				1B29AC7114D327BA007CCE6E /* www in Resources */,
				1B432BDD15069E6E005125D1 /* MainViewController.xib in Resources */,
			);
			runOnlyForDeploymentPostprocessing = 0;
		};
/* End PBXResourcesBuildPhase section */

/* Begin PBXShellScriptBuildPhase section */
		1BE1CA0E14D31A9000A1A6AF /* ShellScript */ = {
			isa = PBXShellScriptBuildPhase;
			buildActionMask = 2147483647;
			files = (
			);
			inputPaths = (
			);
			outputPaths = (
			);
			runOnlyForDeploymentPostprocessing = 0;
			shellPath = /bin/bash;
			shellScript = "\n\t\t\t\t\t\t\t\tif [ ! -d \"$PROJECT_DIR/www\" ] ; then\n\t\t\t\t\t\t\t\t\tcp -R /Users/Shared/Cordova/Frameworks/Cordova.framework/www \"$PROJECT_DIR\"\n\t\t\t\t\t\t\t\tfi\n\t\t\t\t\t\t\t\t# detect www folder reference in project, if missing, print warning\n\t\t\t\t\t\t\t\tgrep \"{isa = PBXFileReference; lastKnownFileType = folder; path = www; sourceTree = \\\"<group>\\\"; };\" \"$PROJECT_DIR/$PROJECT_NAME.xcodeproj/project.pbxproj\"\n\t\t\t\t\t\t\t\trc=$? \n\t\t\t\t\t\t\t\tif [ $rc != 0 ] ; then\n\t\t\t\t\t\t\t\techo -e \"warning: Missing - Add $PROJECT_DIR/www as a folder reference in your project. Just drag and drop the folder into your project, into the Project Navigator of Xcode 4. Make sure you select the second radio-button: 'Create folder references for any added folders' (which will create a blue folder)\" 1>&2\n\t\t\t\t\t\t\t\tfi\t\t\t\t\t\t\t";
		};
/* End PBXShellScriptBuildPhase section */

/* Begin PBXSourcesBuildPhase section */
		1BE1CA0914D31A9000A1A6AF /* Sources */ = {
			isa = PBXSourcesBuildPhase;
			buildActionMask = 2147483647;
			files = (
				1BE1CA3514D31A9100A1A6AF /* main.m in Sources */,
				1B432BDB15069E6E005125D1 /* AppDelegate.m in Sources */,
				1B432BDC15069E6E005125D1 /* MainViewController.m in Sources */,
				1B9677DC1506B1BC001DCD13 /* CDVDeprecated.m in Sources */,
			);
			runOnlyForDeploymentPostprocessing = 0;
		};
		1BE1CA0C14D31A9000A1A6AF /* Sources */ = {
			isa = PBXSourcesBuildPhase;
			buildActionMask = 2147483647;
			files = (
			);
			runOnlyForDeploymentPostprocessing = 0;
		};
/* End PBXSourcesBuildPhase section */

/* Begin PBXVariantGroup section */
		1BE1CA3114D31A9100A1A6AF /* InfoPlist.strings */ = {
			isa = PBXVariantGroup;
			children = (
				1BE1CA3214D31A9100A1A6AF /* en */,
			);
			name = InfoPlist.strings;
			sourceTree = "<group>";
		};
		1BE1CA3B14D31A9100A1A6AF /* Localizable.strings */ = {
			isa = PBXVariantGroup;
			children = (
				1BE1CA3C14D31A9100A1A6AF /* en */,
			);
			name = Localizable.strings;
			sourceTree = "<group>";
		};
/* End PBXVariantGroup section */

/* Begin XCBuildConfiguration section */
		1BC53FCA14F2DA1E0036CE33 /* App Store Distribution */ = {
			isa = XCBuildConfiguration;
			buildSettings = {
				ALWAYS_SEARCH_USER_PATHS = NO;
				ARCHS = (
					armv7,
					armv6,
				);
				CLANG_ENABLE_OBJC_ARC = YES;
				CODE_SIGN_IDENTITY = "iPhone Distribution: Plymouth State University";
				"CODE_SIGN_IDENTITY[sdk=iphoneos*]" = "iPhone Distribution: Plymouth State University";
				COMPRESS_PNG_FILES = NO;
				COPY_PHASE_STRIP = YES;
				GCC_C_LANGUAGE_STANDARD = gnu99;
				GCC_VERSION = com.apple.compilers.llvm.clang.1_0;
				GCC_WARN_ABOUT_MISSING_PROTOTYPES = YES;
				GCC_WARN_ABOUT_RETURN_TYPE = YES;
				GCC_WARN_UNUSED_VARIABLE = YES;
				IPHONEOS_DEPLOYMENT_TARGET = 4.0;
				PROVISIONING_PROFILE = "2731CA3C-DC62-4988-842A-4D0638D97B10";
				"PROVISIONING_PROFILE[sdk=iphoneos*]" = "2731CA3C-DC62-4988-842A-4D0638D97B10";
				SDKROOT = iphoneos;
				VALIDATE_PRODUCT = YES;
			};
			name = "App Store Distribution";
		};
		1BC53FCB14F2DA1E0036CE33 /* App Store Distribution */ = {
			isa = XCBuildConfiguration;
			buildSettings = {
				ALWAYS_SEARCH_USER_PATHS = YES;
				CLANG_ENABLE_OBJC_ARC = NO;
				COPY_PHASE_STRIP = YES;
				DEBUG_INFORMATION_FORMAT = "dwarf-with-dsym";
				FRAMEWORK_SEARCH_PATHS = (
					/Users/Shared/Cordova/Frameworks,
					"\"$(SRCROOT)\"",
				);
				GCC_PRECOMPILE_PREFIX_HEADER = YES;
				GCC_PREFIX_HEADER = "PSU Mobile - PhoneGap - iOS/PSU Mobile - PhoneGap - iOS-Prefix.pch";
				GCC_PREPROCESSOR_DEFINITIONS = "CORDOVA_FRAMEWORK=YES";
				GCC_VERSION = com.apple.compilers.llvm.clang.1_0;
				INFOPLIST_FILE = "PSU Mobile - PhoneGap - iOS/PSU Mobile - PhoneGap - iOS-Info.plist";
				OTHER_LDFLAGS = (
					"-weak_framework",
					UIKit,
					"-weak_framework",
					AVFoundation,
					"-weak_framework",
					CoreMedia,
					"-weak_library",
					/usr/lib/libSystem.B.dylib,
				);
				PRODUCT_NAME = "PSU Mobile";
				TARGETED_DEVICE_FAMILY = "1,2";
				VALIDATE_PRODUCT = YES;
				WRAPPER_EXTENSION = app;
			};
			name = "App Store Distribution";
		};
		1BE1CA5814D31A9100A1A6AF /* Debug */ = {
			isa = XCBuildConfiguration;
			buildSettings = {
				ALWAYS_SEARCH_USER_PATHS = NO;
				ARCHS = (
					armv7,
					armv6,
				);
				CLANG_ENABLE_OBJC_ARC = YES;
				"CODE_SIGN_IDENTITY[sdk=iphoneos*]" = "iPhone Developer";
				COMPRESS_PNG_FILES = NO;
				COPY_PHASE_STRIP = NO;
				GCC_C_LANGUAGE_STANDARD = gnu99;
				GCC_DYNAMIC_NO_PIC = NO;
				GCC_OPTIMIZATION_LEVEL = 0;
				GCC_PREPROCESSOR_DEFINITIONS = (
					"DEBUG=1",
					"$(inherited)",
				);
				GCC_SYMBOLS_PRIVATE_EXTERN = NO;
				GCC_VERSION = com.apple.compilers.llvm.clang.1_0;
				GCC_WARN_ABOUT_MISSING_PROTOTYPES = YES;
				GCC_WARN_ABOUT_RETURN_TYPE = YES;
				GCC_WARN_UNUSED_VARIABLE = YES;
				IPHONEOS_DEPLOYMENT_TARGET = 4.0;
				SDKROOT = iphoneos;
			};
			name = Debug;
		};
		1BE1CA5914D31A9100A1A6AF /* Release */ = {
			isa = XCBuildConfiguration;
			buildSettings = {
				ALWAYS_SEARCH_USER_PATHS = NO;
				ARCHS = (
					armv7,
					armv6,
				);
				CLANG_ENABLE_OBJC_ARC = YES;
				"CODE_SIGN_IDENTITY[sdk=iphoneos*]" = "iPhone Developer";
				COMPRESS_PNG_FILES = NO;
				COPY_PHASE_STRIP = YES;
				GCC_C_LANGUAGE_STANDARD = gnu99;
				GCC_VERSION = com.apple.compilers.llvm.clang.1_0;
				GCC_WARN_ABOUT_MISSING_PROTOTYPES = YES;
				GCC_WARN_ABOUT_RETURN_TYPE = YES;
				GCC_WARN_UNUSED_VARIABLE = YES;
				IPHONEOS_DEPLOYMENT_TARGET = 4.0;
				SDKROOT = iphoneos;
				VALIDATE_PRODUCT = YES;
			};
			name = Release;
		};
		1BE1CA5B14D31A9100A1A6AF /* Debug */ = {
			isa = XCBuildConfiguration;
			buildSettings = {
				ALWAYS_SEARCH_USER_PATHS = YES;
				CLANG_ENABLE_OBJC_ARC = NO;
				COPY_PHASE_STRIP = NO;
				FRAMEWORK_SEARCH_PATHS = (
					/Users/Shared/Cordova/Frameworks,
					"\"$(SRCROOT)\"",
				);
				GCC_DYNAMIC_NO_PIC = NO;
				GCC_PRECOMPILE_PREFIX_HEADER = YES;
				GCC_PREFIX_HEADER = "PSU Mobile - PhoneGap - iOS/PSU Mobile - PhoneGap - iOS-Prefix.pch";
				GCC_PREPROCESSOR_DEFINITIONS = "CORDOVA_FRAMEWORK=YES";
				GCC_VERSION = com.apple.compilers.llvm.clang.1_0;
				INFOPLIST_FILE = "PSU Mobile - PhoneGap - iOS/PSU Mobile - PhoneGap - iOS-Info.plist";
				OTHER_LDFLAGS = (
					"-weak_framework",
					UIKit,
					"-weak_framework",
					AVFoundation,
					"-weak_framework",
					CoreMedia,
					"-weak_library",
					/usr/lib/libSystem.B.dylib,
				);
				PRODUCT_NAME = "PSU Mobile";
				TARGETED_DEVICE_FAMILY = "1,2";
				WRAPPER_EXTENSION = app;
			};
			name = Debug;
		};
		1BE1CA5C14D31A9100A1A6AF /* Release */ = {
			isa = XCBuildConfiguration;
			buildSettings = {
				ALWAYS_SEARCH_USER_PATHS = YES;
				CLANG_ENABLE_OBJC_ARC = NO;
				COPY_PHASE_STRIP = YES;
				DEBUG_INFORMATION_FORMAT = "dwarf-with-dsym";
				FRAMEWORK_SEARCH_PATHS = (
					/Users/Shared/Cordova/Frameworks,
					"\"$(SRCROOT)\"",
				);
				GCC_PRECOMPILE_PREFIX_HEADER = YES;
				GCC_PREFIX_HEADER = "PSU Mobile - PhoneGap - iOS/PSU Mobile - PhoneGap - iOS-Prefix.pch";
				GCC_PREPROCESSOR_DEFINITIONS = "CORDOVA_FRAMEWORK=YES";
				GCC_VERSION = com.apple.compilers.llvm.clang.1_0;
				INFOPLIST_FILE = "PSU Mobile - PhoneGap - iOS/PSU Mobile - PhoneGap - iOS-Info.plist";
				OTHER_LDFLAGS = (
					"-weak_framework",
					UIKit,
					"-weak_framework",
					AVFoundation,
					"-weak_framework",
					CoreMedia,
					"-weak_library",
					/usr/lib/libSystem.B.dylib,
				);
				PRODUCT_NAME = "PSU Mobile";
				TARGETED_DEVICE_FAMILY = "1,2";
				VALIDATE_PRODUCT = YES;
				WRAPPER_EXTENSION = app;
			};
			name = Release;
		};
/* End XCBuildConfiguration section */

/* Begin XCConfigurationList section */
		1BE1CA0714D31A9000A1A6AF /* Build configuration list for PBXProject "PSU Mobile - PhoneGap - iOS" */ = {
			isa = XCConfigurationList;
			buildConfigurations = (
				1BE1CA5814D31A9100A1A6AF /* Debug */,
				1BE1CA5914D31A9100A1A6AF /* Release */,
				1BC53FCA14F2DA1E0036CE33 /* App Store Distribution */,
			);
			defaultConfigurationIsVisible = 0;
			defaultConfigurationName = Release;
		};
		1BE1CA5A14D31A9100A1A6AF /* Build configuration list for PBXNativeTarget "PSU Mobile - PhoneGap - iOS" */ = {
			isa = XCConfigurationList;
			buildConfigurations = (
				1BE1CA5B14D31A9100A1A6AF /* Debug */,
				1BE1CA5C14D31A9100A1A6AF /* Release */,
				1BC53FCB14F2DA1E0036CE33 /* App Store Distribution */,
			);
			defaultConfigurationIsVisible = 0;
			defaultConfigurationName = Release;
		};
/* End XCConfigurationList section */
	};
	rootObject = 1BE1CA0414D31A9000A1A6AF /* Project object */;
}
